
Microsoft Visual Studio Solution File, Format Version 12.00
# Visual Studio Version 17
VisualStudioVersion = 17.6.33829.357
MinimumVisualStudioVersion = 10.0.40219.1
Project("{FAE04EC0-301F-11D3-BF4B-00C04F79EFBC}") = "4_accessProtectedMembers", "4_accessProtectedMembers.csproj", "{03393D62-8274-4D81-9F0A-2B33C57DB800}"
EndProject
Global
	GlobalSection(SolutionConfigurationPlatforms) = preSolution
		Debug|Any CPU = Debug|Any CPU
		Release|Any CPU = Release|Any CPU
	EndGlobalSection
	GlobalSection(ProjectConfigurationPlatforms) = postSolution
		{03393D62-8274-4D81-9F0A-2B33C57DB800}.Debug|Any CPU.ActiveCfg = Debug|Any CPU
		{03393D62-8274-4D81-9F0A-2B33C57DB800}.Debug|Any CPU.Build.0 = Debug|Any CPU
		{03393D62-8274-4D81-9F0A-2B33C57DB800}.Release|Any CPU.ActiveCfg = Release|Any CPU
		{03393D62-8274-4D81-9F0A-2B33C57DB800}.Release|Any CPU.Build.0 = Release|Any CPU
	EndGlobalSection
	GlobalSection(SolutionProperties) = preSolution
		HideSolutionNode = FALSE
	EndGlobalSection
	GlobalSection(ExtensibilityGlobals) = postSolution
		SolutionGuid = {0CFB9C51-2743-46CD-B212-4F65E731C72B}
	EndGlobalSection
EndGlobal
