
Microsoft Visual Studio Solution File, Format Version 12.00
# Visual Studio Version 17
VisualStudioVersion = 17.6.33829.357
MinimumVisualStudioVersion = 10.0.40219.1
Project("{FAE04EC0-301F-11D3-BF4B-00C04F79EFBC}") = "7_modifyValue", "7_modifyValue.csproj", "{38CF4A6A-5F22-4262-9468-1D76DD7F0BB5}"
EndProject
Global
	GlobalSection(SolutionConfigurationPlatforms) = preSolution
		Debug|Any CPU = Debug|Any CPU
		Release|Any CPU = Release|Any CPU
	EndGlobalSection
	GlobalSection(ProjectConfigurationPlatforms) = postSolution
		{38CF4A6A-5F22-4262-9468-1D76DD7F0BB5}.Debug|Any CPU.ActiveCfg = Debug|Any CPU
		{38CF4A6A-5F22-4262-9468-1D76DD7F0BB5}.Debug|Any CPU.Build.0 = Debug|Any CPU
		{38CF4A6A-5F22-4262-9468-1D76DD7F0BB5}.Release|Any CPU.ActiveCfg = Release|Any CPU
		{38CF4A6A-5F22-4262-9468-1D76DD7F0BB5}.Release|Any CPU.Build.0 = Release|Any CPU
	EndGlobalSection
	GlobalSection(SolutionProperties) = preSolution
		HideSolutionNode = FALSE
	EndGlobalSection
	GlobalSection(ExtensibilityGlobals) = postSolution
		SolutionGuid = {CDD574CA-1746-42BF-840A-77B3FA922611}
	EndGlobalSection
EndGlobal
