
Microsoft Visual Studio Solution File, Format Version 12.00
# Visual Studio Version 17
VisualStudioVersion = 17.6.33829.357
MinimumVisualStudioVersion = 10.0.40219.1
Project("{FAE04EC0-301F-11D3-BF4B-00C04F79EFBC}") = "8_callsPrivateMethod", "8_callsPrivateMethod.csproj", "{02A0634C-838D-4CE0-86DD-C2EED8FB4921}"
EndProject
Global
	GlobalSection(SolutionConfigurationPlatforms) = preSolution
		Debug|Any CPU = Debug|Any CPU
		Release|Any CPU = Release|Any CPU
	EndGlobalSection
	GlobalSection(ProjectConfigurationPlatforms) = postSolution
		{02A0634C-838D-4CE0-86DD-C2EED8FB4921}.Debug|Any CPU.ActiveCfg = Debug|Any CPU
		{02A0634C-838D-4CE0-86DD-C2EED8FB4921}.Debug|Any CPU.Build.0 = Debug|Any CPU
		{02A0634C-838D-4CE0-86DD-C2EED8FB4921}.Release|Any CPU.ActiveCfg = Release|Any CPU
		{02A0634C-838D-4CE0-86DD-C2EED8FB4921}.Release|Any CPU.Build.0 = Release|Any CPU
	EndGlobalSection
	GlobalSection(SolutionProperties) = preSolution
		HideSolutionNode = FALSE
	EndGlobalSection
	GlobalSection(ExtensibilityGlobals) = postSolution
		SolutionGuid = {1F791140-DBF4-4C08-947B-815DBC9EF3D0}
	EndGlobalSection
EndGlobal
