
Microsoft Visual Studio Solution File, Format Version 12.00
# Visual Studio Version 17
VisualStudioVersion = 17.6.33829.357
MinimumVisualStudioVersion = 10.0.40219.1
Project("{FAE04EC0-301F-11D3-BF4B-00C04F79EFBC}") = "6_deriveAnotherClass", "6_deriveAnotherClass.csproj", "{F260ABC5-B697-403C-A551-3AB3FF1E54D5}"
EndProject
Global
	GlobalSection(SolutionConfigurationPlatforms) = preSolution
		Debug|Any CPU = Debug|Any CPU
		Release|Any CPU = Release|Any CPU
	EndGlobalSection
	GlobalSection(ProjectConfigurationPlatforms) = postSolution
		{F260ABC5-B697-403C-A551-3AB3FF1E54D5}.Debug|Any CPU.ActiveCfg = Debug|Any CPU
		{F260ABC5-B697-403C-A551-3AB3FF1E54D5}.Debug|Any CPU.Build.0 = Debug|Any CPU
		{F260ABC5-B697-403C-A551-3AB3FF1E54D5}.Release|Any CPU.ActiveCfg = Release|Any CPU
		{F260ABC5-B697-403C-A551-3AB3FF1E54D5}.Release|Any CPU.Build.0 = Release|Any CPU
	EndGlobalSection
	GlobalSection(SolutionProperties) = preSolution
		HideSolutionNode = FALSE
	EndGlobalSection
	GlobalSection(ExtensibilityGlobals) = postSolution
		SolutionGuid = {426A8AC2-A5F7-428F-8DB4-C1A5A67D2340}
	EndGlobalSection
EndGlobal
